<Solution>
  <Project Path="src/ImageConversion.Core/ImageConversion.Core.csproj" />
  <Project Path="src/ImageConversion.App/ImageConversion.App.csproj" />
  <Project Path="tests/ImageConversion.App.Tests/ImageConversion.App.Tests.csproj" />
  <Project Path="tests/ImageConversion.Core.Tests/ImageConversion.Core.Tests.csproj" />
</Solution>
